Microsoft Visual Studio Solution File, Format Version 12.00
# Visual Studio Version 17
VisualStudioVersion = 17.1.32421.90
MinimumVisualStudioVersion = 10.0.40219.1
Project("{9A19103F-16F7-4668-BE54-9A1E7A4F7556}") = "PdfLittleSigner", "PdfLittleSigner\PdfLittleSigner.csproj", "{5C6F90C4-2537-4420-8674-9567ADDEDAFA}"
EndProject
Project("{FAE04EC0-301F-11D3-BF4B-00C04F79EFBC}") = "PdfWevbApiSample", "PdfWevbApiSample\PdfWevbApiSample.csproj", "{523E7157-69E2-4F46-87AB-D639FBFD56D7}"
EndProject
Global
	GlobalSection(SolutionConfigurationPlatforms) = preSolution
		Debug|Any CPU = Debug|Any CPU
		Release|Any CPU = Release|Any CPU
	EndGlobalSection
	GlobalSection(ProjectConfigurationPlatforms) = postSolution
		{5C6F90C4-2537-4420-8674-9567ADDEDAFA}.Debug|Any CPU.ActiveCfg = Debug|Any CPU
		{5C6F90C4-2537-4420-8674-9567ADDEDAFA}.Debug|Any CPU.Build.0 = Debug|Any CPU
		{5C6F90C4-2537-4420-8674-9567ADDEDAFA}.Release|Any CPU.ActiveCfg = Release|Any CPU
		{5C6F90C4-2537-4420-8674-9567ADDEDAFA}.Release|Any CPU.Build.0 = Release|Any CPU
		{523E7157-69E2-4F46-87AB-D639FBFD56D7}.Debug|Any CPU.ActiveCfg = Debug|Any CPU
		{523E7157-69E2-4F46-87AB-D639FBFD56D7}.Debug|Any CPU.Build.0 = Debug|Any CPU
		{523E7157-69E2-4F46-87AB-D639FBFD56D7}.Release|Any CPU.ActiveCfg = Release|Any CPU
		{523E7157-69E2-4F46-87AB-D639FBFD56D7}.Release|Any CPU.Build.0 = Release|Any CPU
	EndGlobalSection
	GlobalSection(SolutionProperties) = preSolution
		HideSolutionNode = FALSE
	EndGlobalSection
	GlobalSection(ExtensibilityGlobals) = postSolution
		SolutionGuid = {FBF29C43-5152-4165-8934-B5C10F64B103}
	EndGlobalSection
EndGlobal
